
Microsoft Visual Studio Solution File, Format Version 12.00
# Visual Studio Version 16
VisualStudioVersion = 16.0.32802.440
MinimumVisualStudioVersion = 10.0.40219.1
Project("{FAE04EC0-301F-11D3-BF4B-00C04F79EFBC}") = "Tp 19-3", "Tp 19-3\Tp 19-3.csproj", "{B88E3F4D-EEA5-4949-A78E-E11490EE0CE8}"
EndProject
Global
	GlobalSection(SolutionConfigurationPlatforms) = preSolution
		Debug|Any CPU = Debug|Any CPU
		Release|Any CPU = Release|Any CPU
	EndGlobalSection
	GlobalSection(ProjectConfigurationPlatforms) = postSolution
		{B88E3F4D-EEA5-4949-A78E-E11490EE0CE8}.Debug|Any CPU.ActiveCfg = Debug|Any CPU
		{B88E3F4D-EEA5-4949-A78E-E11490EE0CE8}.Debug|Any CPU.Build.0 = Debug|Any CPU
		{B88E3F4D-EEA5-4949-A78E-E11490EE0CE8}.Release|Any CPU.ActiveCfg = Release|Any CPU
		{B88E3F4D-EEA5-4949-A78E-E11490EE0CE8}.Release|Any CPU.Build.0 = Release|Any CPU
	EndGlobalSection
	GlobalSection(SolutionProperties) = preSolution
		HideSolutionNode = FALSE
	EndGlobalSection
	GlobalSection(ExtensibilityGlobals) = postSolution
		SolutionGuid = {5D9839E7-B907-41CB-8CAA-EB01E4913588}
	EndGlobalSection
EndGlobal
